PODS:
  - Yoga (1.14.0)
  - YogaKit (1.18.1):
    - Yoga (~> 1.14)

DEPENDENCIES:
  - YogaKit

SPEC REPOS:
  https://github.com/CocoaPods/Specs.git:
    - Yoga
    - YogaKit

SPEC CHECKSUMS:
  Yoga: cff67a400f6b74dc38eb0bad4f156673d9aa980c
  YogaKit: f782866e155069a2cca2517aafea43200b01fd5a

PODFILE CHECKSUM: e0883f8147549d0cff9c11ccbd9c29378d67369f

COCOAPODS: 1.11.3
